// !$*UTF8*$!
{
	archiveVersion = 1;
	classes = {
	};
	objectVersion = 50;
	objects = {

/* Begin PBXBuildFile section */
		F37A3FE120C5F15000847608 /* AppDelegate.swift in Sources */ = {isa = PBXBuildFile; fileRef = F37A3FE020C5F15000847608 /* AppDelegate.swift */; };
		F37A3FE320C5F15000847608 /* IndividualsViewController.swift in Sources */ = {isa = PBXBuildFile; fileRef = F37A3FE220C5F15000847608 /* IndividualsViewController.swift */; };
		F37A3FE620C5F15000847608 /* Main.storyboard in Resources */ = {isa = PBXBuildFile; fileRef = F37A3FE420C5F15000847608 /* Main.storyboard */; };
		F37A3FE920C5F15000847608 /* StarWars.xcdatamodeld in Sources */ = {isa = PBXBuildFile; fileRef = F37A3FE720C5F15000847608 /* StarWars.xcdatamodeld */; };
		F37A3FEB20C5F15200847608 /* Assets.xcassets in Resources */ = {isa = PBXBuildFile; fileRef = F37A3FEA20C5F15200847608 /* Assets.xcassets */; };
		F37A3FEE20C5F15200847608 /* LaunchScreen.storyboard in Resources */ = {isa = PBXBuildFile; fileRef = F37A3FEC20C5F15200847608 /* LaunchScreen.storyboard */; };
		F37A3FF920C5F15200847608 /* StarWarsTests.swift in Sources */ = {isa = PBXBuildFile; fileRef = F37A3FF820C5F15200847608 /* StarWarsTests.swift */; };
		F37A400420C5F15200847608 /* StarWarsUITests.swift in Sources */ = {isa = PBXBuildFile; fileRef = F37A400320C5F15200847608 /* StarWarsUITests.swift */; };
		F37A401320C7295A00847608 /* Individual+CoreDataClass.swift in Sources */ = {isa = PBXBuildFile; fileRef = F37A401120C7295A00847608 /* Individual+CoreDataClass.swift */; };
		F37A401420C7295A00847608 /* Individual+CoreDataProperties.swift in Sources */ = {isa = PBXBuildFile; fileRef = F37A401220C7295A00847608 /* Individual+CoreDataProperties.swift */; };
		F38CAC6320C76D530091ECA9 /* FlowViewController.swift in Sources */ = {isa = PBXBuildFile; fileRef = F38CAC6220C76D530091ECA9 /* FlowViewController.swift */; };
/* End PBXBuildFile section */

/* Begin PBXContainerItemProxy section */
		F37A3FF520C5F15200847608 /* PBXContainerItemProxy */ = {
			isa = PBXContainerItemProxy;
			containerPortal = F37A3FD520C5F15000847608 /* Project object */;
			proxyType = 1;
			remoteGlobalIDString = F37A3FDC20C5F15000847608;
			remoteInfo = StarWars;
		};
		F37A400020C5F15200847608 /* PBXContainerItemProxy */ = {
			isa = PBXContainerItemProxy;
			containerPortal = F37A3FD520C5F15000847608 /* Project object */;
			proxyType = 1;
			remoteGlobalIDString = F37A3FDC20C5F15000847608;
			remoteInfo = StarWars;
		};
/* End PBXContainerItemProxy section */

/* Begin PBXFileReference section */
		F37A3FDD20C5F15000847608 /* StarWars.app */ = {isa = PBXFileReference; explicitFileType = wrapper.application; includeInIndex = 0; path = StarWars.app; sourceTree = BUILT_PRODUCTS_DIR; };
		F37A3FE020C5F15000847608 /* AppDelegate.swift */ = {isa = PBXFileReference; lastKnownFileType = sourcecode.swift; path = AppDelegate.swift; sourceTree = "<group>"; };
		F37A3FE220C5F15000847608 /* IndividualsViewController.swift */ = {isa = PBXFileReference; lastKnownFileType = sourcecode.swift; path = IndividualsViewController.swift; sourceTree = "<group>"; };
		F37A3FE520C5F15000847608 /* Base */ = {isa = PBXFileReference; lastKnownFileType = file.storyboard; name = Base; path = Base.lproj/Main.storyboard; sourceTree = "<group>"; };
		F37A3FE820C5F15000847608 /* StarWars.xcdatamodel */ = {isa = PBXFileReference; lastKnownFileType = wrapper.xcdatamodel; path = StarWars.xcdatamodel; sourceTree = "<group>"; };
		F37A3FEA20C5F15200847608 /* Assets.xcassets */ = {isa = PBXFileReference; lastKnownFileType = folder.assetcatalog; path = Assets.xcassets; sourceTree = "<group>"; };
		F37A3FED20C5F15200847608 /* Base */ = {isa = PBXFileReference; lastKnownFileType = file.storyboard; name = Base; path = Base.lproj/LaunchScreen.storyboard; sourceTree = "<group>"; };
		F37A3FEF20C5F15200847608 /* Info.plist */ = {isa = PBXFileReference; lastKnownFileType = text.plist.xml; path = Info.plist; sourceTree = "<group>"; };
		F37A3FF420C5F15200847608 /* StarWarsTests.xctest */ = {isa = PBXFileReference; explicitFileType = wrapper.cfbundle; includeInIndex = 0; path = StarWarsTests.xctest; sourceTree = BUILT_PRODUCTS_DIR; };
		F37A3FF820C5F15200847608 /* StarWarsTests.swift */ = {isa = PBXFileReference; lastKnownFileType = sourcecode.swift; path = StarWarsTests.swift; sourceTree = "<group>"; };
		F37A3FFA20C5F15200847608 /* Info.plist */ = {isa = PBXFileReference; lastKnownFileType = text.plist.xml; path = Info.plist; sourceTree = "<group>"; };
		F37A3FFF20C5F15200847608 /* StarWarsUITests.xctest */ = {isa = PBXFileReference; explicitFileType = wrapper.cfbundle; includeInIndex = 0; path = StarWarsUITests.xctest; sourceTree = BUILT_PRODUCTS_DIR; };
		F37A400320C5F15200847608 /* StarWarsUITests.swift */ = {isa = PBXFileReference; lastKnownFileType = sourcecode.swift; path = StarWarsUITests.swift; sourceTree = "<group>"; };
		F37A400520C5F15200847608 /* Info.plist */ = {isa = PBXFileReference; lastKnownFileType = text.plist.xml; path = Info.plist; sourceTree = "<group>"; };
		F37A401120C7295A00847608 /* Individual+CoreDataClass.swift */ = {isa = PBXFileReference; lastKnownFileType = sourcecode.swift; path = "Individual+CoreDataClass.swift"; sourceTree = "<group>"; };
		F37A401220C7295A00847608 /* Individual+CoreDataProperties.swift */ = {isa = PBXFileReference; lastKnownFileType = sourcecode.swift; path = "Individual+CoreDataProperties.swift"; sourceTree = "<group>"; };
		F38CAC6220C76D530091ECA9 /* FlowViewController.swift */ = {isa = PBXFileReference; lastKnownFileType = sourcecode.swift; path = FlowViewController.swift; sourceTree = "<group>"; };
/* End PBXFileReference section */

/* Begin PBXFrameworksBuildPhase section */
		F37A3FDA20C5F15000847608 /* Frameworks */ = {
			isa = PBXFrameworksBuildPhase;
			buildActionMask = 2147483647;
			files = (
			);
			runOnlyForDeploymentPostprocessing = 0;
		};
		F37A3FF120C5F15200847608 /* Frameworks */ = {
			isa = PBXFrameworksBuildPhase;
			buildActionMask = 2147483647;
			files = (
			);
			runOnlyForDeploymentPostprocessing = 0;
		};
		F37A3FFC20C5F15200847608 /* Frameworks */ = {
			isa = PBXFrameworksBuildPhase;
			buildActionMask = 2147483647;
			files = (
			);
			runOnlyForDeploymentPostprocessing = 0;
		};
/* End PBXFrameworksBuildPhase section */

/* Begin PBXGroup section */
		F37A3FD420C5F15000847608 = {
			isa = PBXGroup;
			children = (
				F37A3FDF20C5F15000847608 /* StarWars */,
				F37A3FF720C5F15200847608 /* StarWarsTests */,
				F37A400220C5F15200847608 /* StarWarsUITests */,
				F37A3FDE20C5F15000847608 /* Products */,
			);
			sourceTree = "<group>";
		};
		F37A3FDE20C5F15000847608 /* Products */ = {
			isa = PBXGroup;
			children = (
				F37A3FDD20C5F15000847608 /* StarWars.app */,
				F37A3FF420C5F15200847608 /* StarWarsTests.xctest */,
				F37A3FFF20C5F15200847608 /* StarWarsUITests.xctest */,
			);
			name = Products;
			sourceTree = "<group>";
		};
		F37A3FDF20C5F15000847608 /* StarWars */ = {
			isa = PBXGroup;
			children = (
				F37A3FE020C5F15000847608 /* AppDelegate.swift */,
				F38CAC6220C76D530091ECA9 /* FlowViewController.swift */,
				F37A3FE220C5F15000847608 /* IndividualsViewController.swift */,
				F37A3FE420C5F15000847608 /* Main.storyboard */,
				F37A3FEA20C5F15200847608 /* Assets.xcassets */,
				F37A3FEC20C5F15200847608 /* LaunchScreen.storyboard */,
				F37A3FEF20C5F15200847608 /* Info.plist */,
				F38CAC6120C75AE60091ECA9 /* DataModels */,
			);
			path = StarWars;
			sourceTree = "<group>";
		};
		F37A3FF720C5F15200847608 /* StarWarsTests */ = {
			isa = PBXGroup;
			children = (
				F37A3FF820C5F15200847608 /* StarWarsTests.swift */,
				F37A3FFA20C5F15200847608 /* Info.plist */,
			);
			path = StarWarsTests;
			sourceTree = "<group>";
		};
		F37A400220C5F15200847608 /* StarWarsUITests */ = {
			isa = PBXGroup;
			children = (
				F37A400320C5F15200847608 /* StarWarsUITests.swift */,
				F37A400520C5F15200847608 /* Info.plist */,
			);
			path = StarWarsUITests;
			sourceTree = "<group>";
		};
		F38CAC6120C75AE60091ECA9 /* DataModels */ = {
			isa = PBXGroup;
			children = (
				F37A3FE720C5F15000847608 /* StarWars.xcdatamodeld */,
				F37A401120C7295A00847608 /* Individual+CoreDataClass.swift */,
				F37A401220C7295A00847608 /* Individual+CoreDataProperties.swift */,
			);
			path = DataModels;
			sourceTree = "<group>";
		};
/* End PBXGroup section */

/* Begin PBXNativeTarget section */
		F37A3FDC20C5F15000847608 /* StarWars */ = {
			isa = PBXNativeTarget;
			buildConfigurationList = F37A400820C5F15200847608 /* Build configuration list for PBXNativeTarget "StarWars" */;
			buildPhases = (
				F37A3FD920C5F15000847608 /* Sources */,
				F37A3FDA20C5F15000847608 /* Frameworks */,
				F37A3FDB20C5F15000847608 /* Resources */,
			);
			buildRules = (
			);
			dependencies = (
			);
			name = StarWars;
			productName = StarWars;
			productReference = F37A3FDD20C5F15000847608 /* StarWars.app */;
			productType = "com.apple.product-type.application";
		};
		F37A3FF320C5F15200847608 /* StarWarsTests */ = {
			isa = PBXNativeTarget;
			buildConfigurationList = F37A400B20C5F15200847608 /* Build configuration list for PBXNativeTarget "StarWarsTests" */;
			buildPhases = (
				F37A3FF020C5F15200847608 /* Sources */,
				F37A3FF120C5F15200847608 /* Frameworks */,
				F37A3FF220C5F15200847608 /* Resources */,
			);
			buildRules = (
			);
			dependencies = (
				F37A3FF620C5F15200847608 /* PBXTargetDependency */,
			);
			name = StarWarsTests;
			productName = StarWarsTests;
			productReference = F37A3FF420C5F15200847608 /* StarWarsTests.xctest */;
			productType = "com.apple.product-type.bundle.unit-test";
		};
		F37A3FFE20C5F15200847608 /* StarWarsUITests */ = {
			isa = PBXNativeTarget;
			buildConfigurationList = F37A400E20C5F15200847608 /* Build configuration list for PBXNativeTarget "StarWarsUITests" */;
			buildPhases = (
				F37A3FFB20C5F15200847608 /* Sources */,
				F37A3FFC20C5F15200847608 /* Frameworks */,
				F37A3FFD20C5F15200847608 /* Resources */,
			);
			buildRules = (
			);
			dependencies = (
				F37A400120C5F15200847608 /* PBXTargetDependency */,
			);
			name = StarWarsUITests;
			productName = StarWarsUITests;
			productReference = F37A3FFF20C5F15200847608 /* StarWarsUITests.xctest */;
			productType = "com.apple.product-type.bundle.ui-testing";
		};
/* End PBXNativeTarget section */

/* Begin PBXProject section */
		F37A3FD520C5F15000847608 /* Project object */ = {
			isa = PBXProject;
			attributes = {
				LastSwiftUpdateCheck = 0940;
				LastUpgradeCheck = 0940;
				ORGANIZATIONNAME = "Tanner Morse";
				TargetAttributes = {
					F37A3FDC20C5F15000847608 = {
						CreatedOnToolsVersion = 9.4;
					};
					F37A3FF320C5F15200847608 = {
						CreatedOnToolsVersion = 9.4;
						TestTargetID = F37A3FDC20C5F15000847608;
					};
					F37A3FFE20C5F15200847608 = {
						CreatedOnToolsVersion = 9.4;
						TestTargetID = F37A3FDC20C5F15000847608;
					};
				};
			};
			buildConfigurationList = F37A3FD820C5F15000847608 /* Build configuration list for PBXProject "StarWars" */;
			compatibilityVersion = "Xcode 9.3";
			developmentRegion = en;
			hasScannedForEncodings = 0;
			knownRegions = (
				en,
				Base,
			);
			mainGroup = F37A3FD420C5F15000847608;
			productRefGroup = F37A3FDE20C5F15000847608 /* Products */;
			projectDirPath = "";
			projectRoot = "";
			targets = (
				F37A3FDC20C5F15000847608 /* StarWars */,
				F37A3FF320C5F15200847608 /* StarWarsTests */,
				F37A3FFE20C5F15200847608 /* StarWarsUITests */,
			);
		};
/* End PBXProject section */

/* Begin PBXResourcesBuildPhase section */
		F37A3FDB20C5F15000847608 /* Resources */ = {
			isa = PBXResourcesBuildPhase;
			buildActionMask = 2147483647;
			files = (
				F37A3FEE20C5F15200847608 /* LaunchScreen.storyboard in Resources */,
				F37A3FEB20C5F15200847608 /* Assets.xcassets in Resources */,
				F37A3FE620C5F15000847608 /* Main.storyboard in Resources */,
			);
			runOnlyForDeploymentPostprocessing = 0;
		};
		F37A3FF220C5F15200847608 /* Resources */ = {
			isa = PBXResourcesBuildPhase;
			buildActionMask = 2147483647;
			files = (
			);
			runOnlyForDeploymentPostprocessing = 0;
		};
		F37A3FFD20C5F15200847608 /* Resources */ = {
			isa = PBXResourcesBuildPhase;
			buildActionMask = 2147483647;
			files = (
			);
			runOnlyForDeploymentPostprocessing = 0;
		};
/* End PBXResourcesBuildPhase section */

/* Begin PBXSourcesBuildPhase section */
		F37A3FD920C5F15000847608 /* Sources */ = {
			isa = PBXSourcesBuildPhase;
			buildActionMask = 2147483647;
			files = (
				F37A3FE320C5F15000847608 /* IndividualsViewController.swift in Sources */,
				F37A401420C7295A00847608 /* Individual+CoreDataProperties.swift in Sources */,
				F38CAC6320C76D530091ECA9 /* FlowViewController.swift in Sources */,
				F37A3FE120C5F15000847608 /* AppDelegate.swift in Sources */,
				F37A401320C7295A00847608 /* Individual+CoreDataClass.swift in Sources */,
				F37A3FE920C5F15000847608 /* StarWars.xcdatamodeld in Sources */,
			);
			runOnlyForDeploymentPostprocessing = 0;
		};
		F37A3FF020C5F15200847608 /* Sources */ = {
			isa = PBXSourcesBuildPhase;
			buildActionMask = 2147483647;
			files = (
				F37A3FF920C5F15200847608 /* StarWarsTests.swift in Sources */,
			);
			runOnlyForDeploymentPostprocessing = 0;
		};
		F37A3FFB20C5F15200847608 /* Sources */ = {
			isa = PBXSourcesBuildPhase;
			buildActionMask = 2147483647;
			files = (
				F37A400420C5F15200847608 /* StarWarsUITests.swift in Sources */,
			);
			runOnlyForDeploymentPostprocessing = 0;
		};
/* End PBXSourcesBuildPhase section */

/* Begin PBXTargetDependency section */
		F37A3FF620C5F15200847608 /* PBXTargetDependency */ = {
			isa = PBXTargetDependency;
			target = F37A3FDC20C5F15000847608 /* StarWars */;
			targetProxy = F37A3FF520C5F15200847608 /* PBXContainerItemProxy */;
		};
		F37A400120C5F15200847608 /* PBXTargetDependency */ = {
			isa = PBXTargetDependency;
			target = F37A3FDC20C5F15000847608 /* StarWars */;
			targetProxy = F37A400020C5F15200847608 /* PBXContainerItemProxy */;
		};
/* End PBXTargetDependency section */

/* Begin PBXVariantGroup section */
		F37A3FE420C5F15000847608 /* Main.storyboard */ = {
			isa = PBXVariantGroup;
			children = (
				F37A3FE520C5F15000847608 /* Base */,
			);
			name = Main.storyboard;
			sourceTree = "<group>";
		};
		F37A3FEC20C5F15200847608 /* LaunchScreen.storyboard */ = {
			isa = PBXVariantGroup;
			children = (
				F37A3FED20C5F15200847608 /* Base */,
			);
			name = LaunchScreen.storyboard;
			sourceTree = "<group>";
		};
/* End PBXVariantGroup section */

/* Begin XCBuildConfiguration section */
		F37A400620C5F15200847608 /* Debug */ = {
			isa = XCBuildConfiguration;
			buildSettings = {
				ALWAYS_SEARCH_USER_PATHS = NO;
				CLANG_ANALYZER_NONNULL = YES;
				CLANG_ANALYZER_NUMBER_OBJECT_CONVERSION = YES_AGGRESSIVE;
				CLANG_CXX_LANGUAGE_STANDARD = "gnu++14";
				CLANG_CXX_LIBRARY = "libc++";
				CLANG_ENABLE_MODULES = YES;
				CLANG_ENABLE_OBJC_ARC = YES;
				CLANG_ENABLE_OBJC_WEAK = YES;
				CLANG_WARN_BLOCK_CAPTURE_AUTORELEASING = YES;
				CLANG_WARN_BOOL_CONVERSION = YES;
				CLANG_WARN_COMMA = YES;
				CLANG_WARN_CONSTANT_CONVERSION = YES;
				CLANG_WARN_DEPRECATED_OBJC_IMPLEMENTATIONS = YES;
				CLANG_WARN_DIRECT_OBJC_ISA_USAGE = YES_ERROR;
				CLANG_WARN_DOCUMENTATION_COMMENTS = YES;
				CLANG_WARN_EMPTY_BODY = YES;
				CLANG_WARN_ENUM_CONVERSION = YES;
				CLANG_WARN_INFINITE_RECURSION = YES;
				CLANG_WARN_INT_CONVERSION = YES;
				CLANG_WARN_NON_LITERAL_NULL_CONVERSION = YES;
				CLANG_WARN_OBJC_IMPLICIT_RETAIN_SELF = YES;
				CLANG_WARN_OBJC_LITERAL_CONVERSION = YES;
				CLANG_WARN_OBJC_ROOT_CLASS = YES_ERROR;
				CLANG_WARN_RANGE_LOOP_ANALYSIS = YES;
				CLANG_WARN_STRICT_PROTOTYPES = YES;
				CLANG_WARN_SUSPICIOUS_MOVE = YES;
				CLANG_WARN_UNGUARDED_AVAILABILITY = YES_AGGRESSIVE;
				CLANG_WARN_UNREACHABLE_CODE = YES;
				CLANG_WARN__DUPLICATE_METHOD_MATCH = YES;
				CODE_SIGN_IDENTITY = "iPhone Developer";
				COPY_PHASE_STRIP = NO;
				DEBUG_INFORMATION_FORMAT = dwarf;
				ENABLE_STRICT_OBJC_MSGSEND = YES;
				ENABLE_TESTABILITY = YES;
				GCC_C_LANGUAGE_STANDARD = gnu11;
				GCC_DYNAMIC_NO_PIC = NO;
				GCC_NO_COMMON_BLOCKS = YES;
				GCC_OPTIMIZATION_LEVEL = 0;
				GCC_PREPROCESSOR_DEFINITIONS = (
					"DEBUG=1",
					"$(inherited)",
				);
				GCC_WARN_64_TO_32_BIT_CONVERSION = YES;
				GCC_WARN_ABOUT_RETURN_TYPE = YES_ERROR;
				GCC_WARN_UNDECLARED_SELECTOR = YES;
				GCC_WARN_UNINITIALIZED_AUTOS = YES_AGGRESSIVE;
				GCC_WARN_UNUSED_FUNCTION = YES;
				GCC_WARN_UNUSED_VARIABLE = YES;
				IPHONEOS_DEPLOYMENT_TARGET = 11.4;
				MTL_ENABLE_DEBUG_INFO = YES;
				ONLY_ACTIVE_ARCH = YES;
				SDKROOT = iphoneos;
				SWIFT_ACTIVE_COMPILATION_CONDITIONS = DEBUG;
				SWIFT_OPTIMIZATION_LEVEL = "-Onone";
			};
			name = Debug;
		};
		F37A400720C5F15200847608 /* Release */ = {
			isa = XCBuildConfiguration;
			buildSettings = {
				ALWAYS_SEARCH_USER_PATHS = NO;
				CLANG_ANALYZER_NONNULL = YES;
				CLANG_ANALYZER_NUMBER_OBJECT_CONVERSION = YES_AGGRESSIVE;
				CLANG_CXX_LANGUAGE_STANDARD = "gnu++14";
				CLANG_CXX_LIBRARY = "libc++";
				CLANG_ENABLE_MODULES = YES;
				CLANG_ENABLE_OBJC_ARC = YES;
				CLANG_ENABLE_OBJC_WEAK = YES;
				CLANG_WARN_BLOCK_CAPTURE_AUTORELEASING = YES;
				CLANG_WARN_BOOL_CONVERSION = YES;
				CLANG_WARN_COMMA = YES;
				CLANG_WARN_CONSTANT_CONVERSION = YES;
				CLANG_WARN_DEPRECATED_OBJC_IMPLEMENTATIONS = YES;
				CLANG_WARN_DIRECT_OBJC_ISA_USAGE = YES_ERROR;
				CLANG_WARN_DOCUMENTATION_COMMENTS = YES;
				CLANG_WARN_EMPTY_BODY = YES;
				CLANG_WARN_ENUM_CONVERSION = YES;
				CLANG_WARN_INFINITE_RECURSION = YES;
				CLANG_WARN_INT_CONVERSION = YES;
				CLANG_WARN_NON_LITERAL_NULL_CONVERSION = YES;
				CLANG_WARN_OBJC_IMPLICIT_RETAIN_SELF = YES;
				CLANG_WARN_OBJC_LITERAL_CONVERSION = YES;
				CLANG_WARN_OBJC_ROOT_CLASS = YES_ERROR;
				CLANG_WARN_RANGE_LOOP_ANALYSIS = YES;
				CLANG_WARN_STRICT_PROTOTYPES = YES;
				CLANG_WARN_SUSPICIOUS_MOVE = YES;
				CLANG_WARN_UNGUARDED_AVAILABILITY = YES_AGGRESSIVE;
				CLANG_WARN_UNREACHABLE_CODE = YES;
				CLANG_WARN__DUPLICATE_METHOD_MATCH = YES;
				CODE_SIGN_IDENTITY = "iPhone Developer";
				COPY_PHASE_STRIP = NO;
				DEBUG_INFORMATION_FORMAT = "dwarf-with-dsym";
				ENABLE_NS_ASSERTIONS = NO;
				ENABLE_STRICT_OBJC_MSGSEND = YES;
				GCC_C_LANGUAGE_STANDARD = gnu11;
				GCC_NO_COMMON_BLOCKS = YES;
				GCC_WARN_64_TO_32_BIT_CONVERSION = YES;
				GCC_WARN_ABOUT_RETURN_TYPE = YES_ERROR;
				GCC_WARN_UNDECLARED_SELECTOR = YES;
				GCC_WARN_UNINITIALIZED_AUTOS = YES_AGGRESSIVE;
				GCC_WARN_UNUSED_FUNCTION = YES;
				GCC_WARN_UNUSED_VARIABLE = YES;
				IPHONEOS_DEPLOYMENT_TARGET = 11.4;
				MTL_ENABLE_DEBUG_INFO = NO;
				SDKROOT = iphoneos;
				SWIFT_COMPILATION_MODE = wholemodule;
				SWIFT_OPTIMIZATION_LEVEL = "-O";
				VALIDATE_PRODUCT = YES;
			};
			name = Release;
		};
		F37A400920C5F15200847608 /* Debug */ = {
			isa = XCBuildConfiguration;
			buildSettings = {
				ASSETCATALOG_COMPILER_APPICON_NAME = AppIcon;
				CODE_SIGN_STYLE = Automatic;
				DEVELOPMENT_TEAM = TK2K99QN97;
				INFOPLIST_FILE = StarWars/Info.plist;
				LD_RUNPATH_SEARCH_PATHS = (
					"$(inherited)",
					"@executable_path/Frameworks",
				);
				PRODUCT_BUNDLE_IDENTIFIER = tannermorse.StarWars;
				PRODUCT_NAME = "$(TARGET_NAME)";
				SWIFT_VERSION = 4.0;
				TARGETED_DEVICE_FAMILY = "1,2";
			};
			name = Debug;
		};
		F37A400A20C5F15200847608 /* Release */ = {
			isa = XCBuildConfiguration;
			buildSettings = {
				ASSETCATALOG_COMPILER_APPICON_NAME = AppIcon;
				CODE_SIGN_STYLE = Automatic;
				DEVELOPMENT_TEAM = TK2K99QN97;
				INFOPLIST_FILE = StarWars/Info.plist;
				LD_RUNPATH_SEARCH_PATHS = (
					"$(inherited)",
					"@executable_path/Frameworks",
				);
				PRODUCT_BUNDLE_IDENTIFIER = tannermorse.StarWars;
				PRODUCT_NAME = "$(TARGET_NAME)";
				SWIFT_VERSION = 4.0;
				TARGETED_DEVICE_FAMILY = "1,2";
			};
			name = Release;
		};
		F37A400C20C5F15200847608 /* Debug */ = {
			isa = XCBuildConfiguration;
			buildSettings = {
				ALWAYS_EMBED_SWIFT_STANDARD_LIBRARIES = YES;
				BUNDLE_LOADER = "$(TEST_HOST)";
				CODE_SIGN_STYLE = Automatic;
				DEVELOPMENT_TEAM = TK2K99QN97;
				INFOPLIST_FILE = StarWarsTests/Info.plist;
				LD_RUNPATH_SEARCH_PATHS = (
					"$(inherited)",
					"@executable_path/Frameworks",
					"@loader_path/Frameworks",
				);
				PRODUCT_BUNDLE_IDENTIFIER = tannermorse.StarWarsTests;
				PRODUCT_NAME = "$(TARGET_NAME)";
				SWIFT_VERSION = 4.0;
				TARGETED_DEVICE_FAMILY = "1,2";
				TEST_HOST = "$(BUILT_PRODUCTS_DIR)/StarWars.app/StarWars";
			};
			name = Debug;
		};
		F37A400D20C5F15200847608 /* Release */ = {
			isa = XCBuildConfiguration;
			buildSettings = {
				ALWAYS_EMBED_SWIFT_STANDARD_LIBRARIES = YES;
				BUNDLE_LOADER = "$(TEST_HOST)";
				CODE_SIGN_STYLE = Automatic;
				DEVELOPMENT_TEAM = TK2K99QN97;
				INFOPLIST_FILE = StarWarsTests/Info.plist;
				LD_RUNPATH_SEARCH_PATHS = (
					"$(inherited)",
					"@executable_path/Frameworks",
					"@loader_path/Frameworks",
				);
				PRODUCT_BUNDLE_IDENTIFIER = tannermorse.StarWarsTests;
				PRODUCT_NAME = "$(TARGET_NAME)";
				SWIFT_VERSION = 4.0;
				TARGETED_DEVICE_FAMILY = "1,2";
				TEST_HOST = "$(BUILT_PRODUCTS_DIR)/StarWars.app/StarWars";
			};
			name = Release;
		};
		F37A400F20C5F15200847608 /* Debug */ = {
			isa = XCBuildConfiguration;
			buildSettings = {
				ALWAYS_EMBED_SWIFT_STANDARD_LIBRARIES = YES;
				CODE_SIGN_STYLE = Automatic;
				DEVELOPMENT_TEAM = TK2K99QN97;
				INFOPLIST_FILE = StarWarsUITests/Info.plist;
				LD_RUNPATH_SEARCH_PATHS = (
					"$(inherited)",
					"@executable_path/Frameworks",
					"@loader_path/Frameworks",
				);
				PRODUCT_BUNDLE_IDENTIFIER = tannermorse.StarWarsUITests;
				PRODUCT_NAME = "$(TARGET_NAME)";
				SWIFT_VERSION = 4.0;
				TARGETED_DEVICE_FAMILY = "1,2";
				TEST_TARGET_NAME = StarWars;
			};
			name = Debug;
		};
		F37A401020C5F15200847608 /* Release */ = {
			isa = XCBuildConfiguration;
			buildSettings = {
				ALWAYS_EMBED_SWIFT_STANDARD_LIBRARIES = YES;
				CODE_SIGN_STYLE = Automatic;
				DEVELOPMENT_TEAM = TK2K99QN97;
				INFOPLIST_FILE = StarWarsUITests/Info.plist;
				LD_RUNPATH_SEARCH_PATHS = (
					"$(inherited)",
					"@executable_path/Frameworks",
					"@loader_path/Frameworks",
				);
				PRODUCT_BUNDLE_IDENTIFIER = tannermorse.StarWarsUITests;
				PRODUCT_NAME = "$(TARGET_NAME)";
				SWIFT_VERSION = 4.0;
				TARGETED_DEVICE_FAMILY = "1,2";
				TEST_TARGET_NAME = StarWars;
			};
			name = Release;
		};
/* End XCBuildConfiguration section */

/* Begin XCConfigurationList section */
		F37A3FD820C5F15000847608 /* Build configuration list for PBXProject "StarWars" */ = {
			isa = XCConfigurationList;
			buildConfigurations = (
				F37A400620C5F15200847608 /* Debug */,
				F37A400720C5F15200847608 /* Release */,
			);
			defaultConfigurationIsVisible = 0;
			defaultConfigurationName = Release;
		};
		F37A400820C5F15200847608 /* Build configuration list for PBXNativeTarget "StarWars" */ = {
			isa = XCConfigurationList;
			buildConfigurations = (
				F37A400920C5F15200847608 /* Debug */,
				F37A400A20C5F15200847608 /* Release */,
			);
			defaultConfigurationIsVisible = 0;
			defaultConfigurationName = Release;
		};
		F37A400B20C5F15200847608 /* Build configuration list for PBXNativeTarget "StarWarsTests" */ = {
			isa = XCConfigurationList;
			buildConfigurations = (
				F37A400C20C5F15200847608 /* Debug */,
				F37A400D20C5F15200847608 /* Release */,
			);
			defaultConfigurationIsVisible = 0;
			defaultConfigurationName = Release;
		};
		F37A400E20C5F15200847608 /* Build configuration list for PBXNativeTarget "StarWarsUITests" */ = {
			isa = XCConfigurationList;
			buildConfigurations = (
				F37A400F20C5F15200847608 /* Debug */,
				F37A401020C5F15200847608 /* Release */,
			);
			defaultConfigurationIsVisible = 0;
			defaultConfigurationName = Release;
		};
/* End XCConfigurationList section */

/* Begin XCVersionGroup section */
		F37A3FE720C5F15000847608 /* StarWars.xcdatamodeld */ = {
			isa = XCVersionGroup;
			children = (
				F37A3FE820C5F15000847608 /* StarWars.xcdatamodel */,
			);
			currentVersion = F37A3FE820C5F15000847608 /* StarWars.xcdatamodel */;
			path = StarWars.xcdatamodeld;
			sourceTree = "<group>";
			versionGroupType = wrapper.xcdatamodel;
		};
/* End XCVersionGroup section */
	};
	rootObject = F37A3FD520C5F15000847608 /* Project object */;
}
